
Microsoft Visual Studio Solution File, Format Version 11.00
# Visual Studio 2010
Project("{FAE04EC0-301F-11D3-BF4B-00C04F79EFBC}") = "movieAdvisor", "movieAdvisor\movieAdvisor.csproj", "{DD1953F4-45A0-44D8-8073-B0DFB3B92661}"
EndProject
Global
	GlobalSection(SolutionConfigurationPlatforms) = preSolution
		Debug|Any CPU = Debug|Any CPU
		Release|Any CPU = Release|Any CPU
	EndGlobalSection
	GlobalSection(ProjectConfigurationPlatforms) = postSolution
		{DD1953F4-45A0-44D8-8073-B0DFB3B92661}.Debug|Any CPU.ActiveCfg = Debug|Any CPU
		{DD1953F4-45A0-44D8-8073-B0DFB3B92661}.Debug|Any CPU.Build.0 = Debug|Any CPU
		{DD1953F4-45A0-44D8-8073-B0DFB3B92661}.Release|Any CPU.ActiveCfg = Release|Any CPU
		{DD1953F4-45A0-44D8-8073-B0DFB3B92661}.Release|Any CPU.Build.0 = Release|Any CPU
	EndGlobalSection
	GlobalSection(SolutionProperties) = preSolution
		HideSolutionNode = FALSE
	EndGlobalSection
EndGlobal
